
Microsoft Visual Studio Solution File, Format Version 12.00
# Visual Studio 15
VisualStudioVersion = 15.0.28307.1000
MinimumVisualStudioVersion = 10.0.40219.1
Project("{9A19103F-16F7-4668-BE54-9A1E7A4F7556}") = "HardwareStation.Extension.RFIDCardReader", "Extension.RFIDCardReader\HardwareStation.Extension.RFIDCardReader.csproj", "{665AF760-C62F-4EFE-BCB3-B54F28049421}"
EndProject
Global
	GlobalSection(SolutionConfigurationPlatforms) = preSolution
		Debug|Any CPU = Debug|Any CPU
		Debug|x64 = Debug|x64
		Debug|x86 = Debug|x86
		Release|Any CPU = Release|Any CPU
		Release|x64 = Release|x64
		Release|x86 = Release|x86
	EndGlobalSection
	GlobalSection(ProjectConfigurationPlatforms) = postSolution
		{665AF760-C62F-4EFE-BCB3-B54F28049421}.Debug|Any CPU.ActiveCfg = Debug|Any CPU
		{665AF760-C62F-4EFE-BCB3-B54F28049421}.Debug|Any CPU.Build.0 = Debug|Any CPU
		{665AF760-C62F-4EFE-BCB3-B54F28049421}.Debug|x64.ActiveCfg = Debug|x64
		{665AF760-C62F-4EFE-BCB3-B54F28049421}.Debug|x64.Build.0 = Debug|x64
		{665AF760-C62F-4EFE-BCB3-B54F28049421}.Debug|x86.ActiveCfg = Debug|Any CPU
		{665AF760-C62F-4EFE-BCB3-B54F28049421}.Debug|x86.Build.0 = Debug|Any CPU
		{665AF760-C62F-4EFE-BCB3-B54F28049421}.Release|Any CPU.ActiveCfg = Release|Any CPU
		{665AF760-C62F-4EFE-BCB3-B54F28049421}.Release|Any CPU.Build.0 = Release|Any CPU
		{665AF760-C62F-4EFE-BCB3-B54F28049421}.Release|x64.ActiveCfg = Release|x64
		{665AF760-C62F-4EFE-BCB3-B54F28049421}.Release|x64.Build.0 = Release|x64
		{665AF760-C62F-4EFE-BCB3-B54F28049421}.Release|x86.ActiveCfg = Release|Any CPU
		{665AF760-C62F-4EFE-BCB3-B54F28049421}.Release|x86.Build.0 = Release|Any CPU
	EndGlobalSection
	GlobalSection(SolutionProperties) = preSolution
		HideSolutionNode = FALSE
	EndGlobalSection
	GlobalSection(ExtensibilityGlobals) = postSolution
		SolutionGuid = {780A0F58-FBC3-4E18-8E76-EA10B1A8600F}
	EndGlobalSection
EndGlobal
